
Microsoft Visual Studio Solution File, Format Version 12.00
# Visual Studio 15
VisualStudioVersion = 15.0.27428.2037
MinimumVisualStudioVersion = 10.0.40219.1
Project("{FAE04EC0-301F-11D3-BF4B-00C04F79EFBC}") = "CPIS", "CPIS\CPIS.csproj", "{D41DD1F0-E33F-47DD-B357-FD4E495F52DA}"
EndProject
Global
	GlobalSection(SolutionConfigurationPlatforms) = preSolution
		Debug|Any CPU = Debug|Any CPU
		Release|Any CPU = Release|Any CPU
	EndGlobalSection
	GlobalSection(ProjectConfigurationPlatforms) = postSolution
		{D41DD1F0-E33F-47DD-B357-FD4E495F52DA}.Debug|Any CPU.ActiveCfg = Debug|Any CPU
		{D41DD1F0-E33F-47DD-B357-FD4E495F52DA}.Debug|Any CPU.Build.0 = Debug|Any CPU
		{D41DD1F0-E33F-47DD-B357-FD4E495F52DA}.Release|Any CPU.ActiveCfg = Release|Any CPU
		{D41DD1F0-E33F-47DD-B357-FD4E495F52DA}.Release|Any CPU.Build.0 = Release|Any CPU
	EndGlobalSection
	GlobalSection(SolutionProperties) = preSolution
		HideSolutionNode = FALSE
	EndGlobalSection
	GlobalSection(ExtensibilityGlobals) = postSolution
		SolutionGuid = {304F1397-38BE-4CFE-8C32-F2B5D6295DE2}
	EndGlobalSection
EndGlobal
